
Microsoft Visual Studio Solution File, Format Version 12.00
# Visual Studio Version 17
VisualStudioVersion = 17.10.35122.118
MinimumVisualStudioVersion = 10.0.40219.1
Project("{FAE04EC0-301F-11D3-BF4B-00C04F79EFBC}") = "WpfApp1", "WpfApp1.csproj", "{B16B5CC6-397D-4092-8581-7A7381F023C7}"
EndProject
Global
	GlobalSection(SolutionConfigurationPlatforms) = preSolution
		Debug|Any CPU = Debug|Any CPU
		Release|Any CPU = Release|Any CPU
	EndGlobalSection
	GlobalSection(ProjectConfigurationPlatforms) = postSolution
		{B16B5CC6-397D-4092-8581-7A7381F023C7}.Debug|Any CPU.ActiveCfg = Debug|Any CPU
		{B16B5CC6-397D-4092-8581-7A7381F023C7}.Debug|Any CPU.Build.0 = Debug|Any CPU
		{B16B5CC6-397D-4092-8581-7A7381F023C7}.Release|Any CPU.ActiveCfg = Release|Any CPU
		{B16B5CC6-397D-4092-8581-7A7381F023C7}.Release|Any CPU.Build.0 = Release|Any CPU
	EndGlobalSection
	GlobalSection(SolutionProperties) = preSolution
		HideSolutionNode = FALSE
	EndGlobalSection
	GlobalSection(ExtensibilityGlobals) = postSolution
		SolutionGuid = {062B739D-FA00-41E1-A0E4-B1F1BBC9466D}
	EndGlobalSection
EndGlobal
